
Microsoft Visual Studio Solution File, Format Version 12.00
# Visual Studio 15
VisualStudioVersion = 15.0.28010.2016
MinimumVisualStudioVersion = 10.0.40219.1
Project("{FAE04EC0-301F-11D3-BF4B-00C04F79EFBC}") = "3", "3\3.csproj", "{B6CF547F-046F-46F1-B063-3E6F7F39D130}"
EndProject
Global
	GlobalSection(SolutionConfigurationPlatforms) = preSolution
		Debug|Any CPU = Debug|Any CPU
		Release|Any CPU = Release|Any CPU
	EndGlobalSection
	GlobalSection(ProjectConfigurationPlatforms) = postSolution
		{B6CF547F-046F-46F1-B063-3E6F7F39D130}.Debug|Any CPU.ActiveCfg = Debug|Any CPU
		{B6CF547F-046F-46F1-B063-3E6F7F39D130}.Debug|Any CPU.Build.0 = Debug|Any CPU
		{B6CF547F-046F-46F1-B063-3E6F7F39D130}.Release|Any CPU.ActiveCfg = Release|Any CPU
		{B6CF547F-046F-46F1-B063-3E6F7F39D130}.Release|Any CPU.Build.0 = Release|Any CPU
	EndGlobalSection
	GlobalSection(SolutionProperties) = preSolution
		HideSolutionNode = FALSE
	EndGlobalSection
	GlobalSection(ExtensibilityGlobals) = postSolution
		SolutionGuid = {C7BFF017-3488-4686-9339-6FC9158C31A2}
	EndGlobalSection
EndGlobal
