
Microsoft Visual Studio Solution File, Format Version 12.00
# Visual Studio 15
VisualStudioVersion = 15.0.28010.2016
MinimumVisualStudioVersion = 10.0.40219.1
Project("{FAE04EC0-301F-11D3-BF4B-00C04F79EFBC}") = "1", "1\1.csproj", "{AE8C8E24-52B1-46F5-9F1A-5E2E8ECB5C15}"
EndProject
Global
	GlobalSection(SolutionConfigurationPlatforms) = preSolution
		Debug|Any CPU = Debug|Any CPU
		Release|Any CPU = Release|Any CPU
	EndGlobalSection
	GlobalSection(ProjectConfigurationPlatforms) = postSolution
		{AE8C8E24-52B1-46F5-9F1A-5E2E8ECB5C15}.Debug|Any CPU.ActiveCfg = Debug|Any CPU
		{AE8C8E24-52B1-46F5-9F1A-5E2E8ECB5C15}.Debug|Any CPU.Build.0 = Debug|Any CPU
		{AE8C8E24-52B1-46F5-9F1A-5E2E8ECB5C15}.Release|Any CPU.ActiveCfg = Release|Any CPU
		{AE8C8E24-52B1-46F5-9F1A-5E2E8ECB5C15}.Release|Any CPU.Build.0 = Release|Any CPU
	EndGlobalSection
	GlobalSection(SolutionProperties) = preSolution
		HideSolutionNode = FALSE
	EndGlobalSection
	GlobalSection(ExtensibilityGlobals) = postSolution
		SolutionGuid = {1D0B0B6A-CD2C-4F9B-BEB3-E85AB9097CC3}
	EndGlobalSection
EndGlobal
